
Microsoft Visual Studio Solution File, Format Version 12.00
# Visual Studio 15
VisualStudioVersion = 15.0.28010.2016
MinimumVisualStudioVersion = 10.0.40219.1
Project("{FAE04EC0-301F-11D3-BF4B-00C04F79EFBC}") = "ChapterThreeAssignment", "ChapterThreeAssignment\ChapterThreeAssignment.csproj", "{3614995D-94B6-45DF-8D30-BE5338476760}"
EndProject
Global
	GlobalSection(SolutionConfigurationPlatforms) = preSolution
		Debug|Any CPU = Debug|Any CPU
		Release|Any CPU = Release|Any CPU
	EndGlobalSection
	GlobalSection(ProjectConfigurationPlatforms) = postSolution
		{3614995D-94B6-45DF-8D30-BE5338476760}.Debug|Any CPU.ActiveCfg = Debug|Any CPU
		{3614995D-94B6-45DF-8D30-BE5338476760}.Debug|Any CPU.Build.0 = Debug|Any CPU
		{3614995D-94B6-45DF-8D30-BE5338476760}.Release|Any CPU.ActiveCfg = Release|Any CPU
		{3614995D-94B6-45DF-8D30-BE5338476760}.Release|Any CPU.Build.0 = Release|Any CPU
	EndGlobalSection
	GlobalSection(SolutionProperties) = preSolution
		HideSolutionNode = FALSE
	EndGlobalSection
	GlobalSection(ExtensibilityGlobals) = postSolution
		SolutionGuid = {2523FF1D-2BB0-43BC-8564-966E4BA959FD}
	EndGlobalSection
EndGlobal
